
Microsoft Visual Studio Solution File, Format Version 12.00
# Visual Studio Version 17
VisualStudioVersion = 17.8.34330.188
MinimumVisualStudioVersion = 10.0.40219.1
Project("{FAE04EC0-301F-11D3-BF4B-00C04F79EFBC}") = "WinFormsApp1", "WinFormsApp1.csproj", "{CEFDF8E3-1A91-4FB4-BA78-5B00F2699E8E}"
EndProject
Global
	GlobalSection(SolutionConfigurationPlatforms) = preSolution
		Debug|Any CPU = Debug|Any CPU
		Release|Any CPU = Release|Any CPU
	EndGlobalSection
	GlobalSection(ProjectConfigurationPlatforms) = postSolution
		{CEFDF8E3-1A91-4FB4-BA78-5B00F2699E8E}.Debug|Any CPU.ActiveCfg = Debug|Any CPU
		{CEFDF8E3-1A91-4FB4-BA78-5B00F2699E8E}.Debug|Any CPU.Build.0 = Debug|Any CPU
		{CEFDF8E3-1A91-4FB4-BA78-5B00F2699E8E}.Release|Any CPU.ActiveCfg = Release|Any CPU
		{CEFDF8E3-1A91-4FB4-BA78-5B00F2699E8E}.Release|Any CPU.Build.0 = Release|Any CPU
	EndGlobalSection
	GlobalSection(SolutionProperties) = preSolution
		HideSolutionNode = FALSE
	EndGlobalSection
	GlobalSection(ExtensibilityGlobals) = postSolution
		SolutionGuid = {70C0ECD5-B656-439A-8B97-13F68FE17623}
	EndGlobalSection
EndGlobal
